
Microsoft Visual Studio Solution File, Format Version 12.00
# Visual Studio Version 16
VisualStudioVersion = 16.0.31129.286
MinimumVisualStudioVersion = 10.0.40219.1
Project("{FAE04EC0-301F-11D3-BF4B-00C04F79EFBC}") = "Teste", "Teste\Teste.csproj", "{BC034DD1-81B2-4E34-96A5-4AF897828205}"
EndProject
Global
	GlobalSection(SolutionConfigurationPlatforms) = preSolution
		Debug|Any CPU = Debug|Any CPU
		Release|Any CPU = Release|Any CPU
	EndGlobalSection
	GlobalSection(ProjectConfigurationPlatforms) = postSolution
		{BC034DD1-81B2-4E34-96A5-4AF897828205}.Debug|Any CPU.ActiveCfg = Debug|Any CPU
		{BC034DD1-81B2-4E34-96A5-4AF897828205}.Debug|Any CPU.Build.0 = Debug|Any CPU
		{BC034DD1-81B2-4E34-96A5-4AF897828205}.Release|Any CPU.ActiveCfg = Release|Any CPU
		{BC034DD1-81B2-4E34-96A5-4AF897828205}.Release|Any CPU.Build.0 = Release|Any CPU
	EndGlobalSection
	GlobalSection(SolutionProperties) = preSolution
		HideSolutionNode = FALSE
	EndGlobalSection
	GlobalSection(ExtensibilityGlobals) = postSolution
		SolutionGuid = {46246DFB-8CD5-4185-999D-2A08276B4088}
	EndGlobalSection
EndGlobal
